
Microsoft Visual Studio Solution File, Format Version 12.00
# Visual Studio 2013
VisualStudioVersion = 12.0.30501.0
MinimumVisualStudioVersion = 10.0.40219.1
Project("{FAE04EC0-301F-11D3-BF4B-00C04F79EFBC}") = "WcfConnectionClosed", "WcfConnectionClosed\WcfConnectionClosed.csproj", "{27171389-C469-4F1D-B9E3-32F45DEB3829}"
EndProject
Global
	GlobalSection(SolutionConfigurationPlatforms) = preSolution
		Debug|Any CPU = Debug|Any CPU
		Release|Any CPU = Release|Any CPU
	EndGlobalSection
	GlobalSection(ProjectConfigurationPlatforms) = postSolution
		{27171389-C469-4F1D-B9E3-32F45DEB3829}.Debug|Any CPU.ActiveCfg = Debug|Any CPU
		{27171389-C469-4F1D-B9E3-32F45DEB3829}.Debug|Any CPU.Build.0 = Debug|Any CPU
		{27171389-C469-4F1D-B9E3-32F45DEB3829}.Release|Any CPU.ActiveCfg = Release|Any CPU
		{27171389-C469-4F1D-B9E3-32F45DEB3829}.Release|Any CPU.Build.0 = Release|Any CPU
	EndGlobalSection
	GlobalSection(SolutionProperties) = preSolution
		HideSolutionNode = FALSE
	EndGlobalSection
EndGlobal
